
Microsoft Visual Studio Solution File, Format Version 12.00
# Visual Studio 15
VisualStudioVersion = 15.0.26124.0
MinimumVisualStudioVersion = 15.0.26124.0
Project("{2150E333-8FDC-42A3-9474-1A3956D46DE8}") = "src", "src", "{E064747A-0A35-4EEF-8E70-43A238422BCF}"
EndProject
Project("{FAE04EC0-301F-11D3-BF4B-00C04F79EFBC}") = "JHipsterDotnet", "src\JHipsterDotnet\JHipsterDotnet.csproj", "{F0BC0897-7974-48E4-A4E2-56A72FB0EF29}"
EndProject
Project("{2150E333-8FDC-42A3-9474-1A3956D46DE8}") = "test", "test", "{55E65C3F-4CA2-49A1-BA27-C697D18BCE50}"
EndProject
Project("{FAE04EC0-301F-11D3-BF4B-00C04F79EFBC}") = "JHipsterDotnet.Test", "test\JHipsterDotnet.Test\JHipsterDotnet.Test.csproj", "{B9F568DB-8674-4997-9CF1-7C64253D5F1D}"
EndProject
Project("{FAE04EC0-301F-11D3-BF4B-00C04F79EFBC}") = "JHipsterDotnet.Crosscutting", "src\JHipsterDotnet.Crosscutting\JHipsterDotnet.Crosscutting.csproj", "{DAA20E57-DEA1-4176-9D0A-B35B95B5F9C0}"
EndProject
Project("{FAE04EC0-301F-11D3-BF4B-00C04F79EFBC}") = "JHipsterDotnet.Domain", "src\JHipsterDotnet.Domain\JHipsterDotnet.Domain.csproj", "{D8975C88-38BC-48A8-94DA-A33724CFCCCB}"
EndProject
Project("{FAE04EC0-301F-11D3-BF4B-00C04F79EFBC}") = "JHipsterDotnet.Dto", "src\JHipsterDotnet.Dto\JHipsterDotnet.Dto.csproj", "{4F5E2E22-2173-4985-AF7E-D1EE90741FF4}"
EndProject
Project("{FAE04EC0-301F-11D3-BF4B-00C04F79EFBC}") = "JHipsterDotnet.Domain.Services", "src\JHipsterDotnet.Domain.Services\JHipsterDotnet.Domain.Services.csproj", "{1905F462-F4CD-418E-96FB-746FD3C4E8E4}"
EndProject
Project("{FAE04EC0-301F-11D3-BF4B-00C04F79EFBC}") = "JHipsterDotnet.Infrastructure", "src\JHipsterDotnet.Infrastructure\JHipsterDotnet.Infrastructure.csproj", "{3DEEC4AF-BCED-4005-BAE8-A529FD20EEDD}"
EndProject
Global
	GlobalSection(SolutionConfigurationPlatforms) = preSolution
		Debug|Any CPU = Debug|Any CPU
		Debug|x64 = Debug|x64
		Debug|x86 = Debug|x86
		Release|Any CPU = Release|Any CPU
		Release|x64 = Release|x64
		Release|x86 = Release|x86
	EndGlobalSection
	GlobalSection(SolutionProperties) = preSolution
		HideSolutionNode = FALSE
	EndGlobalSection
	GlobalSection(ProjectConfigurationPlatforms) = postSolution
		{F0BC0897-7974-48E4-A4E2-56A72FB0EF29}.Debug|Any CPU.ActiveCfg = Debug|Any CPU
		{F0BC0897-7974-48E4-A4E2-56A72FB0EF29}.Debug|Any CPU.Build.0 = Debug|Any CPU
		{F0BC0897-7974-48E4-A4E2-56A72FB0EF29}.Debug|x64.ActiveCfg = Debug|Any CPU
		{F0BC0897-7974-48E4-A4E2-56A72FB0EF29}.Debug|x64.Build.0 = Debug|Any CPU
		{F0BC0897-7974-48E4-A4E2-56A72FB0EF29}.Debug|x86.ActiveCfg = Debug|Any CPU
		{F0BC0897-7974-48E4-A4E2-56A72FB0EF29}.Debug|x86.Build.0 = Debug|Any CPU
		{F0BC0897-7974-48E4-A4E2-56A72FB0EF29}.Release|Any CPU.ActiveCfg = Release|Any CPU
		{F0BC0897-7974-48E4-A4E2-56A72FB0EF29}.Release|Any CPU.Build.0 = Release|Any CPU
		{F0BC0897-7974-48E4-A4E2-56A72FB0EF29}.Release|x64.ActiveCfg = Release|Any CPU
		{F0BC0897-7974-48E4-A4E2-56A72FB0EF29}.Release|x64.Build.0 = Release|Any CPU
		{F0BC0897-7974-48E4-A4E2-56A72FB0EF29}.Release|x86.ActiveCfg = Release|Any CPU
		{F0BC0897-7974-48E4-A4E2-56A72FB0EF29}.Release|x86.Build.0 = Release|Any CPU
		{B9F568DB-8674-4997-9CF1-7C64253D5F1D}.Debug|Any CPU.ActiveCfg = Debug|Any CPU
		{B9F568DB-8674-4997-9CF1-7C64253D5F1D}.Debug|Any CPU.Build.0 = Debug|Any CPU
		{B9F568DB-8674-4997-9CF1-7C64253D5F1D}.Debug|x64.ActiveCfg = Debug|Any CPU
		{B9F568DB-8674-4997-9CF1-7C64253D5F1D}.Debug|x64.Build.0 = Debug|Any CPU
		{B9F568DB-8674-4997-9CF1-7C64253D5F1D}.Debug|x86.ActiveCfg = Debug|Any CPU
		{B9F568DB-8674-4997-9CF1-7C64253D5F1D}.Debug|x86.Build.0 = Debug|Any CPU
		{B9F568DB-8674-4997-9CF1-7C64253D5F1D}.Release|Any CPU.ActiveCfg = Release|Any CPU
		{B9F568DB-8674-4997-9CF1-7C64253D5F1D}.Release|Any CPU.Build.0 = Release|Any CPU
		{B9F568DB-8674-4997-9CF1-7C64253D5F1D}.Release|x64.ActiveCfg = Release|Any CPU
		{B9F568DB-8674-4997-9CF1-7C64253D5F1D}.Release|x64.Build.0 = Release|Any CPU
		{B9F568DB-8674-4997-9CF1-7C64253D5F1D}.Release|x86.ActiveCfg = Release|Any CPU
		{B9F568DB-8674-4997-9CF1-7C64253D5F1D}.Release|x86.Build.0 = Release|Any CPU
		{DAA20E57-DEA1-4176-9D0A-B35B95B5F9C0}.Debug|Any CPU.ActiveCfg = Debug|Any CPU
		{DAA20E57-DEA1-4176-9D0A-B35B95B5F9C0}.Debug|Any CPU.Build.0 = Debug|Any CPU
		{DAA20E57-DEA1-4176-9D0A-B35B95B5F9C0}.Debug|x64.ActiveCfg = Debug|Any CPU
		{DAA20E57-DEA1-4176-9D0A-B35B95B5F9C0}.Debug|x64.Build.0 = Debug|Any CPU
		{DAA20E57-DEA1-4176-9D0A-B35B95B5F9C0}.Debug|x86.ActiveCfg = Debug|Any CPU
		{DAA20E57-DEA1-4176-9D0A-B35B95B5F9C0}.Debug|x86.Build.0 = Debug|Any CPU
		{DAA20E57-DEA1-4176-9D0A-B35B95B5F9C0}.Release|Any CPU.ActiveCfg = Release|Any CPU
		{DAA20E57-DEA1-4176-9D0A-B35B95B5F9C0}.Release|Any CPU.Build.0 = Release|Any CPU
		{DAA20E57-DEA1-4176-9D0A-B35B95B5F9C0}.Release|x64.ActiveCfg = Release|Any CPU
		{DAA20E57-DEA1-4176-9D0A-B35B95B5F9C0}.Release|x64.Build.0 = Release|Any CPU
		{DAA20E57-DEA1-4176-9D0A-B35B95B5F9C0}.Release|x86.ActiveCfg = Release|Any CPU
		{DAA20E57-DEA1-4176-9D0A-B35B95B5F9C0}.Release|x86.Build.0 = Release|Any CPU
		{D8975C88-38BC-48A8-94DA-A33724CFCCCB}.Debug|Any CPU.ActiveCfg = Debug|Any CPU
		{D8975C88-38BC-48A8-94DA-A33724CFCCCB}.Debug|Any CPU.Build.0 = Debug|Any CPU
		{D8975C88-38BC-48A8-94DA-A33724CFCCCB}.Debug|x64.ActiveCfg = Debug|Any CPU
		{D8975C88-38BC-48A8-94DA-A33724CFCCCB}.Debug|x64.Build.0 = Debug|Any CPU
		{D8975C88-38BC-48A8-94DA-A33724CFCCCB}.Debug|x86.ActiveCfg = Debug|Any CPU
		{D8975C88-38BC-48A8-94DA-A33724CFCCCB}.Debug|x86.Build.0 = Debug|Any CPU
		{D8975C88-38BC-48A8-94DA-A33724CFCCCB}.Release|Any CPU.ActiveCfg = Release|Any CPU
		{D8975C88-38BC-48A8-94DA-A33724CFCCCB}.Release|Any CPU.Build.0 = Release|Any CPU
		{D8975C88-38BC-48A8-94DA-A33724CFCCCB}.Release|x64.ActiveCfg = Release|Any CPU
		{D8975C88-38BC-48A8-94DA-A33724CFCCCB}.Release|x64.Build.0 = Release|Any CPU
		{D8975C88-38BC-48A8-94DA-A33724CFCCCB}.Release|x86.ActiveCfg = Release|Any CPU
		{D8975C88-38BC-48A8-94DA-A33724CFCCCB}.Release|x86.Build.0 = Release|Any CPU
		{4F5E2E22-2173-4985-AF7E-D1EE90741FF4}.Debug|Any CPU.ActiveCfg = Debug|Any CPU
		{4F5E2E22-2173-4985-AF7E-D1EE90741FF4}.Debug|Any CPU.Build.0 = Debug|Any CPU
		{4F5E2E22-2173-4985-AF7E-D1EE90741FF4}.Debug|x64.ActiveCfg = Debug|Any CPU
		{4F5E2E22-2173-4985-AF7E-D1EE90741FF4}.Debug|x64.Build.0 = Debug|Any CPU
		{4F5E2E22-2173-4985-AF7E-D1EE90741FF4}.Debug|x86.ActiveCfg = Debug|Any CPU
		{4F5E2E22-2173-4985-AF7E-D1EE90741FF4}.Debug|x86.Build.0 = Debug|Any CPU
		{4F5E2E22-2173-4985-AF7E-D1EE90741FF4}.Release|Any CPU.ActiveCfg = Release|Any CPU
		{4F5E2E22-2173-4985-AF7E-D1EE90741FF4}.Release|Any CPU.Build.0 = Release|Any CPU
		{4F5E2E22-2173-4985-AF7E-D1EE90741FF4}.Release|x64.ActiveCfg = Release|Any CPU
		{4F5E2E22-2173-4985-AF7E-D1EE90741FF4}.Release|x64.Build.0 = Release|Any CPU
		{4F5E2E22-2173-4985-AF7E-D1EE90741FF4}.Release|x86.ActiveCfg = Release|Any CPU
		{4F5E2E22-2173-4985-AF7E-D1EE90741FF4}.Release|x86.Build.0 = Release|Any CPU
		{1905F462-F4CD-418E-96FB-746FD3C4E8E4}.Debug|Any CPU.ActiveCfg = Debug|Any CPU
		{1905F462-F4CD-418E-96FB-746FD3C4E8E4}.Debug|Any CPU.Build.0 = Debug|Any CPU
		{1905F462-F4CD-418E-96FB-746FD3C4E8E4}.Debug|x64.ActiveCfg = Debug|Any CPU
		{1905F462-F4CD-418E-96FB-746FD3C4E8E4}.Debug|x64.Build.0 = Debug|Any CPU
		{1905F462-F4CD-418E-96FB-746FD3C4E8E4}.Debug|x86.ActiveCfg = Debug|Any CPU
		{1905F462-F4CD-418E-96FB-746FD3C4E8E4}.Debug|x86.Build.0 = Debug|Any CPU
		{1905F462-F4CD-418E-96FB-746FD3C4E8E4}.Release|Any CPU.ActiveCfg = Release|Any CPU
		{1905F462-F4CD-418E-96FB-746FD3C4E8E4}.Release|Any CPU.Build.0 = Release|Any CPU
		{1905F462-F4CD-418E-96FB-746FD3C4E8E4}.Release|x64.ActiveCfg = Release|Any CPU
		{1905F462-F4CD-418E-96FB-746FD3C4E8E4}.Release|x64.Build.0 = Release|Any CPU
		{1905F462-F4CD-418E-96FB-746FD3C4E8E4}.Release|x86.ActiveCfg = Release|Any CPU
		{1905F462-F4CD-418E-96FB-746FD3C4E8E4}.Release|x86.Build.0 = Release|Any CPU
		{3DEEC4AF-BCED-4005-BAE8-A529FD20EEDD}.Debug|Any CPU.ActiveCfg = Debug|Any CPU
		{3DEEC4AF-BCED-4005-BAE8-A529FD20EEDD}.Debug|Any CPU.Build.0 = Debug|Any CPU
		{3DEEC4AF-BCED-4005-BAE8-A529FD20EEDD}.Debug|x64.ActiveCfg = Debug|Any CPU
		{3DEEC4AF-BCED-4005-BAE8-A529FD20EEDD}.Debug|x64.Build.0 = Debug|Any CPU
		{3DEEC4AF-BCED-4005-BAE8-A529FD20EEDD}.Debug|x86.ActiveCfg = Debug|Any CPU
		{3DEEC4AF-BCED-4005-BAE8-A529FD20EEDD}.Debug|x86.Build.0 = Debug|Any CPU
		{3DEEC4AF-BCED-4005-BAE8-A529FD20EEDD}.Release|Any CPU.ActiveCfg = Release|Any CPU
		{3DEEC4AF-BCED-4005-BAE8-A529FD20EEDD}.Release|Any CPU.Build.0 = Release|Any CPU
		{3DEEC4AF-BCED-4005-BAE8-A529FD20EEDD}.Release|x64.ActiveCfg = Release|Any CPU
		{3DEEC4AF-BCED-4005-BAE8-A529FD20EEDD}.Release|x64.Build.0 = Release|Any CPU
		{3DEEC4AF-BCED-4005-BAE8-A529FD20EEDD}.Release|x86.ActiveCfg = Release|Any CPU
		{3DEEC4AF-BCED-4005-BAE8-A529FD20EEDD}.Release|x86.Build.0 = Release|Any CPU
	EndGlobalSection
	GlobalSection(NestedProjects) = preSolution
		{F0BC0897-7974-48E4-A4E2-56A72FB0EF29} = {E064747A-0A35-4EEF-8E70-43A238422BCF}
		{B9F568DB-8674-4997-9CF1-7C64253D5F1D} = {55E65C3F-4CA2-49A1-BA27-C697D18BCE50}
		{DAA20E57-DEA1-4176-9D0A-B35B95B5F9C0} = {E064747A-0A35-4EEF-8E70-43A238422BCF}
		{D8975C88-38BC-48A8-94DA-A33724CFCCCB} = {E064747A-0A35-4EEF-8E70-43A238422BCF}
		{4F5E2E22-2173-4985-AF7E-D1EE90741FF4} = {E064747A-0A35-4EEF-8E70-43A238422BCF}
		{1905F462-F4CD-418E-96FB-746FD3C4E8E4} = {E064747A-0A35-4EEF-8E70-43A238422BCF}
		{3DEEC4AF-BCED-4005-BAE8-A529FD20EEDD} = {E064747A-0A35-4EEF-8E70-43A238422BCF}
	EndGlobalSection
EndGlobal
